// !$*UTF8*$!
{
	archiveVersion = 1;
	classes = {
	};
	objectVersion = 46;
	objects = {

/* Begin PBXBuildFile section */
		F647B4891DB3FD510035F353 /* main.c in Sources */ = {isa = PBXBuildFile; fileRef = F647B4881DB3FD510035F353 /* main.c */; };
		F647B4911DB3FDC80035F353 /* vector.c in Sources */ = {isa = PBXBuildFile; fileRef = F647B48F1DB3FDC80035F353 /* vector.c */; };
		F647B4941DB3FDE60035F353 /* raycast.c in Sources */ = {isa = PBXBuildFile; fileRef = F647B4921DB3FDE60035F353 /* raycast.c */; };
		F647B4971DB3FDF40035F353 /* ppm.c in Sources */ = {isa = PBXBuildFile; fileRef = F647B4951DB3FDF40035F353 /* ppm.c */; };
		F647B49A1DB3FE060035F353 /* json.c in Sources */ = {isa = PBXBuildFile; fileRef = F647B4981DB3FE060035F353 /* json.c */; };
		F647B49E1DB400EF0035F353 /* illumination.c in Sources */ = {isa = PBXBuildFile; fileRef = F647B49C1DB400EF0035F353 /* illumination.c */; };
/* End PBXBuildFile section */

/* Begin PBXCopyFilesBuildPhase section */
		F647B4831DB3FD500035F353 /* CopyFiles */ = {
			isa = PBXCopyFilesBuildPhase;
			buildActionMask = 2147483647;
			dstPath = /usr/share/man/man1/;
			dstSubfolderSpec = 0;
			files = (
			);
			runOnlyForDeploymentPostprocessing = 1;
		};
/* End PBXCopyFilesBuildPhase section */

/* Begin PBXFileReference section */
		F647B4851DB3FD510035F353 /* Project3 */ = {isa = PBXFileReference; explicitFileType = "compiled.mach-o.executable"; includeInIndex = 0; path = Project3; sourceTree = BUILT_PRODUCTS_DIR; };
		F647B4881DB3FD510035F353 /* main.c */ = {isa = PBXFileReference; lastKnownFileType = sourcecode.c.c; path = main.c; sourceTree = "<group>"; };
		F647B48F1DB3FDC80035F353 /* vector.c */ = {isa = PBXFileReference; fileEncoding = 4; lastKnownFileType = sourcecode.c.c; path = vector.c; sourceTree = "<group>"; };
		F647B4901DB3FDC80035F353 /* vector.h */ = {isa = PBXFileReference; fileEncoding = 4; lastKnownFileType = sourcecode.c.h; path = vector.h; sourceTree = "<group>"; };
		F647B4921DB3FDE60035F353 /* raycast.c */ = {isa = PBXFileReference; fileEncoding = 4; lastKnownFileType = sourcecode.c.c; path = raycast.c; sourceTree = "<group>"; };
		F647B4931DB3FDE60035F353 /* raycast.h */ = {isa = PBXFileReference; fileEncoding = 4; lastKnownFileType = sourcecode.c.h; path = raycast.h; sourceTree = "<group>"; };
		F647B4951DB3FDF40035F353 /* ppm.c */ = {isa = PBXFileReference; fileEncoding = 4; lastKnownFileType = sourcecode.c.c; path = ppm.c; sourceTree = "<group>"; };
		F647B4961DB3FDF40035F353 /* ppm.h */ = {isa = PBXFileReference; fileEncoding = 4; lastKnownFileType = sourcecode.c.h; path = ppm.h; sourceTree = "<group>"; };
		F647B4981DB3FE060035F353 /* json.c */ = {isa = PBXFileReference; fileEncoding = 4; lastKnownFileType = sourcecode.c.c; path = json.c; sourceTree = "<group>"; };
		F647B4991DB3FE060035F353 /* json.h */ = {isa = PBXFileReference; fileEncoding = 4; lastKnownFileType = sourcecode.c.h; path = json.h; sourceTree = "<group>"; };
		F647B49B1DB3FE660035F353 /* base.h */ = {isa = PBXFileReference; lastKnownFileType = sourcecode.c.h; path = base.h; sourceTree = "<group>"; };
		F647B49C1DB400EF0035F353 /* illumination.c */ = {isa = PBXFileReference; fileEncoding = 4; lastKnownFileType = sourcecode.c.c; path = illumination.c; sourceTree = "<group>"; };
		F647B49D1DB400EF0035F353 /* illumination.h */ = {isa = PBXFileReference; fileEncoding = 4; lastKnownFileType = sourcecode.c.h; path = illumination.h; sourceTree = "<group>"; };
/* End PBXFileReference section */

/* Begin PBXFrameworksBuildPhase section */
		F647B4821DB3FD500035F353 /* Frameworks */ = {
			isa = PBXFrameworksBuildPhase;
			buildActionMask = 2147483647;
			files = (
			);
			runOnlyForDeploymentPostprocessing = 0;
		};
/* End PBXFrameworksBuildPhase section */

/* Begin PBXGroup section */
		F647B47C1DB3FD500035F353 = {
			isa = PBXGroup;
			children = (
				F647B4871DB3FD510035F353 /* Project3 */,
				F647B4861DB3FD510035F353 /* Products */,
			);
			sourceTree = "<group>";
		};
		F647B4861DB3FD510035F353 /* Products */ = {
			isa = PBXGroup;
			children = (
				F647B4851DB3FD510035F353 /* Project3 */,
			);
			name = Products;
			sourceTree = "<group>";
		};
		F647B4871DB3FD510035F353 /* Project3 */ = {
			isa = PBXGroup;
			children = (
				F647B4881DB3FD510035F353 /* main.c */,
				F647B48F1DB3FDC80035F353 /* vector.c */,
				F647B4901DB3FDC80035F353 /* vector.h */,
				F647B4921DB3FDE60035F353 /* raycast.c */,
				F647B4931DB3FDE60035F353 /* raycast.h */,
				F647B4951DB3FDF40035F353 /* ppm.c */,
				F647B4961DB3FDF40035F353 /* ppm.h */,
				F647B4981DB3FE060035F353 /* json.c */,
				F647B4991DB3FE060035F353 /* json.h */,
				F647B49C1DB400EF0035F353 /* illumination.c */,
				F647B49D1DB400EF0035F353 /* illumination.h */,
				F647B49B1DB3FE660035F353 /* base.h */,
			);
			path = Project3;
			sourceTree = "<group>";
		};
/* End PBXGroup section */

/* Begin PBXNativeTarget section */
		F647B4841DB3FD500035F353 /* Project3 */ = {
			isa = PBXNativeTarget;
			buildConfigurationList = F647B48C1DB3FD510035F353 /* Build configuration list for PBXNativeTarget "Project3" */;
			buildPhases = (
				F647B4811DB3FD500035F353 /* Sources */,
				F647B4821DB3FD500035F353 /* Frameworks */,
				F647B4831DB3FD500035F353 /* CopyFiles */,
			);
			buildRules = (
			);
			dependencies = (
			);
			name = Project3;
			productName = Project3;
			productReference = F647B4851DB3FD510035F353 /* Project3 */;
			productType = "com.apple.product-type.tool";
		};
/* End PBXNativeTarget section */

/* Begin PBXProject section */
		F647B47D1DB3FD500035F353 /* Project object */ = {
			isa = PBXProject;
			attributes = {
				LastUpgradeCheck = 0800;
				ORGANIZATIONNAME = jr2339;
				TargetAttributes = {
					F647B4841DB3FD500035F353 = {
						CreatedOnToolsVersion = 8.0;
						ProvisioningStyle = Automatic;
					};
				};
			};
			buildConfigurationList = F647B4801DB3FD500035F353 /* Build configuration list for PBXProject "Project3" */;
			compatibilityVersion = "Xcode 3.2";
			developmentRegion = English;
			hasScannedForEncodings = 0;
			knownRegions = (
				en,
			);
			mainGroup = F647B47C1DB3FD500035F353;
			productRefGroup = F647B4861DB3FD510035F353 /* Products */;
			projectDirPath = "";
			projectRoot = "";
			targets = (
				F647B4841DB3FD500035F353 /* Project3 */,
			);
		};
/* End PBXProject section */

/* Begin PBXSourcesBuildPhase section */
		F647B4811DB3FD500035F353 /* Sources */ = {
			isa = PBXSourcesBuildPhase;
			buildActionMask = 2147483647;
			files = (
				F647B49A1DB3FE060035F353 /* json.c in Sources */,
				F647B4911DB3FDC80035F353 /* vector.c in Sources */,
				F647B49E1DB400EF0035F353 /* illumination.c in Sources */,
				F647B4941DB3FDE60035F353 /* raycast.c in Sources */,
				F647B4891DB3FD510035F353 /* main.c in Sources */,
				F647B4971DB3FDF40035F353 /* ppm.c in Sources */,
			);
			runOnlyForDeploymentPostprocessing = 0;
		};
/* End PBXSourcesBuildPhase section */

/* Begin XCBuildConfiguration section */
		F647B48A1DB3FD510035F353 /* Debug */ = {
			isa = XCBuildConfiguration;
			buildSettings = {
				ALWAYS_SEARCH_USER_PATHS = NO;
				CLANG_ANALYZER_NONNULL = YES;
				CLANG_CXX_LANGUAGE_STANDARD = "gnu++0x";
				CLANG_CXX_LIBRARY = "libc++";
				CLANG_ENABLE_MODULES = YES;
				CLANG_ENABLE_OBJC_ARC = YES;
				CLANG_WARN_BOOL_CONVERSION = YES;
				CLANG_WARN_CONSTANT_CONVERSION = YES;
				CLANG_WARN_DIRECT_OBJC_ISA_USAGE = YES_ERROR;
				CLANG_WARN_DOCUMENTATION_COMMENTS = YES;
				CLANG_WARN_EMPTY_BODY = YES;
				CLANG_WARN_ENUM_CONVERSION = YES;
				CLANG_WARN_INFINITE_RECURSION = YES;
				CLANG_WARN_INT_CONVERSION = YES;
				CLANG_WARN_OBJC_ROOT_CLASS = YES_ERROR;
				CLANG_WARN_SUSPICIOUS_MOVES = YES;
				CLANG_WARN_UNREACHABLE_CODE = YES;
				CLANG_WARN__DUPLICATE_METHOD_MATCH = YES;
				CODE_SIGN_IDENTITY = "-";
				COPY_PHASE_STRIP = NO;
				DEBUG_INFORMATION_FORMAT = dwarf;
				ENABLE_STRICT_OBJC_MSGSEND = YES;
				ENABLE_TESTABILITY = YES;
				GCC_C_LANGUAGE_STANDARD = gnu99;
				GCC_DYNAMIC_NO_PIC = NO;
				GCC_NO_COMMON_BLOCKS = YES;
				GCC_OPTIMIZATION_LEVEL = 0;
				GCC_PREPROCESSOR_DEFINITIONS = (
					"DEBUG=1",
					"$(inherited)",
				);
				GCC_WARN_64_TO_32_BIT_CONVERSION = YES;
				GCC_WARN_ABOUT_RETURN_TYPE = YES_ERROR;
				GCC_WARN_UNDECLARED_SELECTOR = YES;
				GCC_WARN_UNINITIALIZED_AUTOS = YES_AGGRESSIVE;
				GCC_WARN_UNUSED_FUNCTION = YES;
				GCC_WARN_UNUSED_VARIABLE = YES;
				MACOSX_DEPLOYMENT_TARGET = 10.12;
				MTL_ENABLE_DEBUG_INFO = YES;
				ONLY_ACTIVE_ARCH = YES;
				SDKROOT = macosx;
			};
			name = Debug;
		};
		F647B48B1DB3FD510035F353 /* Release */ = {
			isa = XCBuildConfiguration;
			buildSettings = {
				ALWAYS_SEARCH_USER_PATHS = NO;
				CLANG_ANALYZER_NONNULL = YES;
				CLANG_CXX_LANGUAGE_STANDARD = "gnu++0x";
				CLANG_CXX_LIBRARY = "libc++";
				CLANG_ENABLE_MODULES = YES;
				CLANG_ENABLE_OBJC_ARC = YES;
				CLANG_WARN_BOOL_CONVERSION = YES;
				CLANG_WARN_CONSTANT_CONVERSION = YES;
				CLANG_WARN_DIRECT_OBJC_ISA_USAGE = YES_ERROR;
				CLANG_WARN_DOCUMENTATION_COMMENTS = YES;
				CLANG_WARN_EMPTY_BODY = YES;
				CLANG_WARN_ENUM_CONVERSION = YES;
				CLANG_WARN_INFINITE_RECURSION = YES;
				CLANG_WARN_INT_CONVERSION = YES;
				CLANG_WARN_OBJC_ROOT_CLASS = YES_ERROR;
				CLANG_WARN_SUSPICIOUS_MOVES = YES;
				CLANG_WARN_UNREACHABLE_CODE = YES;
				CLANG_WARN__DUPLICATE_METHOD_MATCH = YES;
				CODE_SIGN_IDENTITY = "-";
				COPY_PHASE_STRIP = NO;
				DEBUG_INFORMATION_FORMAT = "dwarf-with-dsym";
				ENABLE_NS_ASSERTIONS = NO;
				ENABLE_STRICT_OBJC_MSGSEND = YES;
				GCC_C_LANGUAGE_STANDARD = gnu99;
				GCC_NO_COMMON_BLOCKS = YES;
				GCC_WARN_64_TO_32_BIT_CONVERSION = YES;
				GCC_WARN_ABOUT_RETURN_TYPE = YES_ERROR;
				GCC_WARN_UNDECLARED_SELECTOR = YES;
				GCC_WARN_UNINITIALIZED_AUTOS = YES_AGGRESSIVE;
				GCC_WARN_UNUSED_FUNCTION = YES;
				GCC_WARN_UNUSED_VARIABLE = YES;
				MACOSX_DEPLOYMENT_TARGET = 10.12;
				MTL_ENABLE_DEBUG_INFO = NO;
				SDKROOT = macosx;
			};
			name = Release;
		};
		F647B48D1DB3FD510035F353 /* Debug */ = {
			isa = XCBuildConfiguration;
			buildSettings = {
				PRODUCT_NAME = "$(TARGET_NAME)";
			};
			name = Debug;
		};
		F647B48E1DB3FD510035F353 /* Release */ = {
			isa = XCBuildConfiguration;
			buildSettings = {
				PRODUCT_NAME = "$(TARGET_NAME)";
			};
			name = Release;
		};
/* End XCBuildConfiguration section */

/* Begin XCConfigurationList section */
		F647B4801DB3FD500035F353 /* Build configuration list for PBXProject "Project3" */ = {
			isa = XCConfigurationList;
			buildConfigurations = (
				F647B48A1DB3FD510035F353 /* Debug */,
				F647B48B1DB3FD510035F353 /* Release */,
			);
			defaultConfigurationIsVisible = 0;
			defaultConfigurationName = Release;
		};
		F647B48C1DB3FD510035F353 /* Build configuration list for PBXNativeTarget "Project3" */ = {
			isa = XCConfigurationList;
			buildConfigurations = (
				F647B48D1DB3FD510035F353 /* Debug */,
				F647B48E1DB3FD510035F353 /* Release */,
			);
			defaultConfigurationIsVisible = 0;
			defaultConfigurationName = Release;
		};
/* End XCConfigurationList section */
	};
	rootObject = F647B47D1DB3FD500035F353 /* Project object */;
}
